
Microsoft Visual Studio Solution File, Format Version 12.00
# Visual Studio Version 17
VisualStudioVersion = 17.14.36202.13 d17.14
MinimumVisualStudioVersion = 10.0.40219.1
Project("{FAE04EC0-301F-11D3-BF4B-00C04F79EFBC}") = "ClinicaACME", "ClinicaACME\ClinicaACME.csproj", "{3A9FB069-23C9-443D-97CB-0F32E10096E1}"
EndProject
Global
	GlobalSection(SolutionConfigurationPlatforms) = preSolution
		Debug|Any CPU = Debug|Any CPU
		Release|Any CPU = Release|Any CPU
	EndGlobalSection
	GlobalSection(ProjectConfigurationPlatforms) = postSolution
		{3A9FB069-23C9-443D-97CB-0F32E10096E1}.Debug|Any CPU.ActiveCfg = Debug|Any CPU
		{3A9FB069-23C9-443D-97CB-0F32E10096E1}.Debug|Any CPU.Build.0 = Debug|Any CPU
		{3A9FB069-23C9-443D-97CB-0F32E10096E1}.Release|Any CPU.ActiveCfg = Release|Any CPU
		{3A9FB069-23C9-443D-97CB-0F32E10096E1}.Release|Any CPU.Build.0 = Release|Any CPU
	EndGlobalSection
	GlobalSection(SolutionProperties) = preSolution
		HideSolutionNode = FALSE
	EndGlobalSection
	GlobalSection(ExtensibilityGlobals) = postSolution
		SolutionGuid = {1F3BF0C2-0A92-46E4-B614-D697946E0DC3}
	EndGlobalSection
EndGlobal
